
Microsoft Visual Studio Solution File, Format Version 11.00
# Visual Studio 2010
Project("{FAE04EC0-301F-11D3-BF4B-00C04F79EFBC}") = "Final1", "Final1\Final1.csproj", "{6B33BD12-DC3B-40BD-A9D0-41E15D52B63A}"
EndProject
Global
	GlobalSection(SolutionConfigurationPlatforms) = preSolution
		Debug|Any CPU = Debug|Any CPU
		Release|Any CPU = Release|Any CPU
	EndGlobalSection
	GlobalSection(ProjectConfigurationPlatforms) = postSolution
		{6B33BD12-DC3B-40BD-A9D0-41E15D52B63A}.Debug|Any CPU.ActiveCfg = Debug|Any CPU
		{6B33BD12-DC3B-40BD-A9D0-41E15D52B63A}.Debug|Any CPU.Build.0 = Debug|Any CPU
		{6B33BD12-DC3B-40BD-A9D0-41E15D52B63A}.Release|Any CPU.ActiveCfg = Release|Any CPU
		{6B33BD12-DC3B-40BD-A9D0-41E15D52B63A}.Release|Any CPU.Build.0 = Release|Any CPU
	EndGlobalSection
	GlobalSection(SolutionProperties) = preSolution
		HideSolutionNode = FALSE
	EndGlobalSection
EndGlobal
