
Microsoft Visual Studio Solution File, Format Version 11.00
# Visual Studio 2010
Project("{FAE04EC0-301F-11D3-BF4B-00C04F79EFBC}") = "242dayrange", "242dayrange\242dayrange.csproj", "{09F0F6F1-B3F3-42F2-9A6D-87C5E606F16C}"
EndProject
Project("{FAE04EC0-301F-11D3-BF4B-00C04F79EFBC}") = "TestProject1", "TestProject1\TestProject1.csproj", "{7BF7205C-9DF8-43AA-A84C-36DF16BF89C0}"
EndProject
Project("{2150E333-8FDC-42A3-9474-1A3956D46DE8}") = "Solution Items", "Solution Items", "{0A2AE309-D209-4807-95E7-122613F4DA66}"
	ProjectSection(SolutionItems) = preProject
		242dayrange.vsmdi = 242dayrange.vsmdi
		Local.testsettings = Local.testsettings
		TraceAndTestImpact.testsettings = TraceAndTestImpact.testsettings
	EndProjectSection
EndProject
Global
	GlobalSection(TestCaseManagementSettings) = postSolution
		CategoryFile = 242dayrange.vsmdi
	EndGlobalSection
	GlobalSection(SolutionConfigurationPlatforms) = preSolution
		Debug|Any CPU = Debug|Any CPU
		Release|Any CPU = Release|Any CPU
	EndGlobalSection
	GlobalSection(ProjectConfigurationPlatforms) = postSolution
		{09F0F6F1-B3F3-42F2-9A6D-87C5E606F16C}.Debug|Any CPU.ActiveCfg = Debug|Any CPU
		{09F0F6F1-B3F3-42F2-9A6D-87C5E606F16C}.Debug|Any CPU.Build.0 = Debug|Any CPU
		{09F0F6F1-B3F3-42F2-9A6D-87C5E606F16C}.Release|Any CPU.ActiveCfg = Release|Any CPU
		{09F0F6F1-B3F3-42F2-9A6D-87C5E606F16C}.Release|Any CPU.Build.0 = Release|Any CPU
		{7BF7205C-9DF8-43AA-A84C-36DF16BF89C0}.Debug|Any CPU.ActiveCfg = Debug|Any CPU
		{7BF7205C-9DF8-43AA-A84C-36DF16BF89C0}.Debug|Any CPU.Build.0 = Debug|Any CPU
		{7BF7205C-9DF8-43AA-A84C-36DF16BF89C0}.Release|Any CPU.ActiveCfg = Release|Any CPU
		{7BF7205C-9DF8-43AA-A84C-36DF16BF89C0}.Release|Any CPU.Build.0 = Release|Any CPU
	EndGlobalSection
	GlobalSection(SolutionProperties) = preSolution
		HideSolutionNode = FALSE
	EndGlobalSection
EndGlobal
